
Microsoft Visual Studio Solution File, Format Version 12.00
# Visual Studio Version 16
VisualStudioVersion = 16.0.31410.357
MinimumVisualStudioVersion = 10.0.40219.1
Project("{FAE04EC0-301F-11D3-BF4B-00C04F79EFBC}") = "InnerFactory", "InnerFactory.csproj", "{2E128F24-3803-4DD1-921F-9C24503D4324}"
EndProject
Global
	GlobalSection(SolutionConfigurationPlatforms) = preSolution
		Debug|Any CPU = Debug|Any CPU
		Release|Any CPU = Release|Any CPU
	EndGlobalSection
	GlobalSection(ProjectConfigurationPlatforms) = postSolution
		{2E128F24-3803-4DD1-921F-9C24503D4324}.Debug|Any CPU.ActiveCfg = Debug|Any CPU
		{2E128F24-3803-4DD1-921F-9C24503D4324}.Debug|Any CPU.Build.0 = Debug|Any CPU
		{2E128F24-3803-4DD1-921F-9C24503D4324}.Release|Any CPU.ActiveCfg = Release|Any CPU
		{2E128F24-3803-4DD1-921F-9C24503D4324}.Release|Any CPU.Build.0 = Release|Any CPU
	EndGlobalSection
	GlobalSection(SolutionProperties) = preSolution
		HideSolutionNode = FALSE
	EndGlobalSection
	GlobalSection(ExtensibilityGlobals) = postSolution
		SolutionGuid = {98506FD5-B2A8-4E16-A11C-9A1E814D63FE}
	EndGlobalSection
EndGlobal
